
Microsoft Visual Studio Solution File, Format Version 12.00
# Visual Studio Version 16
VisualStudioVersion = 16.0.32228.343
MinimumVisualStudioVersion = 10.0.40219.1
Project("{FAE04EC0-301F-11D3-BF4B-00C04F79EFBC}") = "ROI", "ROI\ROI.csproj", "{77F2D79A-DD20-4063-B79C-5ADC181BC096}"
EndProject
Global
	GlobalSection(SolutionConfigurationPlatforms) = preSolution
		Debug|Any CPU = Debug|Any CPU
		Release|Any CPU = Release|Any CPU
	EndGlobalSection
	GlobalSection(ProjectConfigurationPlatforms) = postSolution
		{77F2D79A-DD20-4063-B79C-5ADC181BC096}.Debug|Any CPU.ActiveCfg = Debug|Any CPU
		{77F2D79A-DD20-4063-B79C-5ADC181BC096}.Debug|Any CPU.Build.0 = Debug|Any CPU
		{77F2D79A-DD20-4063-B79C-5ADC181BC096}.Release|Any CPU.ActiveCfg = Release|Any CPU
		{77F2D79A-DD20-4063-B79C-5ADC181BC096}.Release|Any CPU.Build.0 = Release|Any CPU
	EndGlobalSection
	GlobalSection(SolutionProperties) = preSolution
		HideSolutionNode = FALSE
	EndGlobalSection
	GlobalSection(ExtensibilityGlobals) = postSolution
		SolutionGuid = {A81077F5-DAC5-4E6D-9ECB-C09BA2D592A1}
	EndGlobalSection
EndGlobal
